{
  "name": "gsn-webui",
  "version": "1.0.0",
  "lockfileVersion": 3,
  "requires": true,
  "packages": {
    "": {
      "name": "gsn-webui",
      "version": "1.0.0",
      "license": "ISC",
      "dependencies": {
        "angular": "^1.6.10",
        "angular-bootstrap-datetimepicker": "^4.0.2",
        "angular-chart.js": "^1.1.0",
        "angular-date-time-input": "^1.2.1",
        "angular-local-storage": "^0.2.3",
        "angular-route": "^1.5.0",
        "angular-spinner": "^0.8.1",
        "angular-ui-bootstrap": "^2.5.6",
        "angular-utils-pagination": "^0.11.1",
        "angular-websocket": "^1.0.0",
        "bootstrap": "^3.3.7",
        "font-awesome": "^4.5.0",
        "highcharts": "^11.1.0",
        "highcharts-ng": "^0.0.11",
        "jquery": "^3.6.0",
        "jquery-ui": "^1.11.4",
        "markerclustererplus": "^2.1.4",
        "metismenu": "^2.4.0",
        "moment": "^2.11.2",
        "ngmap": "^1.16.7"
      }
    },
    "node_modules/@angular/animations": {
      "version": "16.1.1",
      "resolved": "https://registry.npmjs.org/@angular/animations/-/animations-16.1.1.tgz",
      "integrity": "sha512-Na+eGoLvek3rmIanqXdMJoVAxd00AfYsMoHzhAVuPQpbW1H3EGqMvbzPHf1WhP19yFZ9gXGV0rFZf1qieQPufA==",
      "peer": true,
      "dependencies": {
        "tslib": "^2.3.0"
      },
      "engines": {
        "node": "^16.14.0 || >=18.10.0"
      },
      "peerDependencies": {
        "@angular/core": "16.1.1"
      }
    },
    "node_modules/@angular/common": {
      "version": "16.1.1",
      "resolved": "https://registry.npmjs.org/@angular/common/-/common-16.1.1.tgz",
      "integrity": "sha512-qsMYqk7U7IcuE8swJ7Sppv0MkYBTfzrsq5jfAaAZYw035Po5FfxkFrh/Pmgp7QZndCsO9H+03JLH03jzuIqfrw==",
      "peer": true,
      "dependencies": {
        "tslib": "^2.3.0"
      },
      "engines": {
        "node": "^16.14.0 || >=18.10.0"
      },
      "peerDependencies": {
        "@angular/core": "16.1.1",
        "rxjs": "^6.5.3 || ^7.4.0"
      }
    },
    "node_modules/@angular/compiler": {
      "version": "16.1.1",
      "resolved": "https://registry.npmjs.org/@angular/compiler/-/compiler-16.1.1.tgz",
      "integrity": "sha512-TKLZS4d7dHvFlULvaZLlG+NKX8wIPoz9sUGzxnS+FPqa0GLfeeVY+KCj4bWSTBhESjgdIeDBu7KdT4vakvb8Nw==",
      "peer": true,
      "dependencies": {
        "tslib": "^2.3.0"
      },
      "engines": {
        "node": "^16.14.0 || >=18.10.0"
      },
      "peerDependencies": {
        "@angular/core": "16.1.1"
      },
      "peerDependenciesMeta": {
        "@angular/core": {
          "optional": true
        }
      }
    },
    "node_modules/@angular/core": {
      "version": "16.1.1",
      "resolved": "https://registry.npmjs.org/@angular/core/-/core-16.1.1.tgz",
      "integrity": "sha512-hi0O2Gc0L4PavczQweC9cxVfdemXj76wfJ3GjtUP+f9I4uKLBQ6/JABExRIoW9eY0rK5fZgYP0IeCYisW4gxnQ==",
      "peer": true,
      "dependencies": {
        "tslib": "^2.3.0"
      },
      "engines": {
        "node": "^16.14.0 || >=18.10.0"
      },
      "peerDependencies": {
        "rxjs": "^6.5.3 || ^7.4.0",
        "zone.js": "~0.13.0"
      }
    },
    "node_modules/@angular/forms": {
      "version": "16.1.1",
      "resolved": "https://registry.npmjs.org/@angular/forms/-/forms-16.1.1.tgz",
      "integrity": "sha512-vRpcy68MkudST7eV+pYpHsF0cXEfeAG3xGn1ntdkhydhMFPo+SwuZjzOT0OSq10Wdoerb4KI5eOesDLaLjmeJA==",
      "peer": true,
      "dependencies": {
        "tslib": "^2.3.0"
      },
      "engines": {
        "node": "^16.14.0 || >=18.10.0"
      },
      "peerDependencies": {
        "@angular/common": "16.1.1",
        "@angular/core": "16.1.1",
        "@angular/platform-browser": "16.1.1",
        "rxjs": "^6.5.3 || ^7.4.0"
      }
    },
    "node_modules/@angular/platform-browser": {
      "version": "16.1.1",
      "resolved": "https://registry.npmjs.org/@angular/platform-browser/-/platform-browser-16.1.1.tgz",
      "integrity": "sha512-9zeB64wbAsoun7+rP6G8e1TY+1nC0sEaGdLzBv9ohOrFgkl8XgM+uNDiwkDLsBJkv10d2n6Tw14M9GaCL9AhVw==",
      "peer": true,
      "dependencies": {
        "tslib": "^2.3.0"
      },
      "engines": {
        "node": "^16.14.0 || >=18.10.0"
      },
      "peerDependencies": {
        "@angular/animations": "16.1.1",
        "@angular/common": "16.1.1",
        "@angular/core": "16.1.1"
      },
      "peerDependenciesMeta": {
        "@angular/animations": {
          "optional": true
        }
      }
    },
    "node_modules/@angular/platform-browser-dynamic": {
      "version": "16.1.1",
      "resolved": "https://registry.npmjs.org/@angular/platform-browser-dynamic/-/platform-browser-dynamic-16.1.1.tgz",
      "integrity": "sha512-wET0g3N5KbnAFUT0r/LGM039vfNRNdKn+rsVPxchh+EeQ+oJxdQi0dUBqSviabwwNW0oLPU+chnGFFowcKL0Wg==",
      "peer": true,
      "dependencies": {
        "tslib": "^2.3.0"
      },
      "engines": {
        "node": "^16.14.0 || >=18.10.0"
      },
      "peerDependencies": {
        "@angular/common": "16.1.1",
        "@angular/compiler": "16.1.1",
        "@angular/core": "16.1.1",
        "@angular/platform-browser": "16.1.1"
      }
    },
    "node_modules/@angular/router": {
      "version": "16.1.1",
      "resolved": "https://registry.npmjs.org/@angular/router/-/router-16.1.1.tgz",
      "integrity": "sha512-02sTolkyPM/gJ9uJQtZkWujoi1LhH8qsIi2bexSC6cpNTeFnGyr7iFd1lWg+xDtV4PLPgH94Ai/aJN0DNg2I8Q==",
      "peer": true,
      "dependencies": {
        "tslib": "^2.3.0"
      },
      "engines": {
        "node": "^16.14.0 || >=18.10.0"
      },
      "peerDependencies": {
        "@angular/common": "16.1.1",
        "@angular/core": "16.1.1",
        "@angular/platform-browser": "16.1.1",
        "rxjs": "^6.5.3 || ^7.4.0"
      }
    },
    "node_modules/angular": {
      "version": "1.8.3",
      "resolved": "https://registry.npmjs.org/angular/-/angular-1.8.3.tgz",
      "integrity": "sha512-5qjkWIQQVsHj4Sb5TcEs4WZWpFeVFHXwxEBHUhrny41D8UrBAd6T/6nPPAsLngJCReIOqi95W3mxdveveutpZw==",
      "deprecated": "For the actively supported Angular, see https://www.npmjs.com/package/@angular/core. AngularJS support has officially ended. For extended AngularJS support options, see https://goo.gle/angularjs-path-forward."
    },
    "node_modules/angular-bootstrap-datetimepicker": {
      "version": "4.0.2",
      "resolved": "https://registry.npmjs.org/angular-bootstrap-datetimepicker/-/angular-bootstrap-datetimepicker-4.0.2.tgz",
      "integrity": "sha512-FEhPbpVszPKw5CUSyk/QKWsTlsGPC6KS2MQawVr4LfQN/foOaGM3hvw6mMl0ASrAZtikcsFa5h2cA5GLJMPZBg==",
      "dependencies": {
        "tslib": "^1.9.0"
      },
      "engines": {
        "node": ">=12"
      },
      "peerDependencies": {
        "@angular/animations": ">=8.0.0",
        "@angular/common": ">=8.0.0",
        "@angular/compiler": ">=8.0.0",
        "@angular/core": ">=8.0.0",
        "@angular/forms": ">=8.0.0",
        "@angular/platform-browser": ">=8.0.0",
        "@angular/platform-browser-dynamic": ">=8.0.0",
        "@angular/router": ">=8.0.0",
        "moment": ">=2.0.0",
        "rxjs": ">=6.0.0",
        "zone.js": ">=0.9.1"
      }
    },
    "node_modules/angular-bootstrap-datetimepicker/node_modules/tslib": {
      "version": "1.14.1",
      "resolved": "https://registry.npmjs.org/tslib/-/tslib-1.14.1.tgz",
      "integrity": "sha512-Xni35NKzjgMrwevysHTCArtLDpPvye8zV/0E4EyYn43P7/7qvQwPh9BGkHewbMulVntbigmcT7rdX3BNo9wRJg=="
    },
    "node_modules/angular-chart.js": {
      "version": "1.1.0",
      "resolved": "https://registry.npmjs.org/angular-chart.js/-/angular-chart.js-1.1.0.tgz",
      "integrity": "sha512-EdqyP+HB+auWLLrnkILHVx6rgOLTUJY2rY8w7/U6QiZsJPWKFLijjRjgx4Rb7TJf9Xrb1z70jMxVG80IZPwUdw==",
      "dependencies": {
        "angular": "1.x",
        "chart.js": "2.x"
      }
    },
    "node_modules/angular-date-time-input": {
      "version": "1.2.1",
      "resolved": "https://registry.npmjs.org/angular-date-time-input/-/angular-date-time-input-1.2.1.tgz",
      "integrity": "sha512-/1JoBTzSx1knhdryU0ajovuc/Ek79cv2i9LaXcZlH2fjItS4F3r+a/zvPpzomNyED2cJCn+I0zrw8ifLAaeMiQ==",
      "dependencies": {
        "angular": "^1.x",
        "moment": "^2.15.x"
      }
    },
    "node_modules/angular-local-storage": {
      "version": "0.2.7",
      "resolved": "https://registry.npmjs.org/angular-local-storage/-/angular-local-storage-0.2.7.tgz",
      "integrity": "sha512-M3aaUoW4wBKPub5Zf1zWKVB0ffjTPPpGQTeTMRoNqhBCiS0cNcwiQ869ka4jZN9SNltp2n5hbWOSfCXkAbS8Bw=="
    },
    "node_modules/angular-route": {
      "version": "1.8.3",
      "resolved": "https://registry.npmjs.org/angular-route/-/angular-route-1.8.3.tgz",
      "integrity": "sha512-kpIcRmDR2+o1FxDVVYy8Rvfab86/7LDbOgTRb9T+X9ewPQiBRuDEnZtM3oJYBiQLvAXDYTJXHV48n/bGE9Mv2g==",
      "deprecated": "For the actively supported Angular, see https://www.npmjs.com/package/@angular/core. AngularJS support has officially ended. For extended AngularJS support options, see https://goo.gle/angularjs-path-forward."
    },
    "node_modules/angular-spinner": {
      "version": "0.8.1",
      "resolved": "https://registry.npmjs.org/angular-spinner/-/angular-spinner-0.8.1.tgz",
      "integrity": "sha512-CracrneHIvjLo85K4OSVYzrq/5aVbJEf8kU1XeuzFCj3m7BsSL1HCruvIjUfLg6o5aDBsRoIcr7OjHcfBoWx8g==",
      "dependencies": {
        "spin.js": "^2.0.0"
      },
      "engines": {
        "node": ">=0.10.0"
      }
    },
    "node_modules/angular-ui-bootstrap": {
      "version": "2.5.6",
      "resolved": "https://registry.npmjs.org/angular-ui-bootstrap/-/angular-ui-bootstrap-2.5.6.tgz",
      "integrity": "sha512-yzcHpPMLQl0232nDzm5P4iAFTFQ9dMw0QgFLuKYbDj9M0xJ62z0oudYD/Lvh1pWfRsukiytP4Xj6BHOSrSXP8A=="
    },
    "node_modules/angular-utils-pagination": {
      "version": "0.11.1",
      "resolved": "https://registry.npmjs.org/angular-utils-pagination/-/angular-utils-pagination-0.11.1.tgz",
      "integrity": "sha512-0ZTwRASUfl9hNGreC5EiJj82mqRfEeoiu6ufnIne3kzDxt28mDqc0c66ZUoTxhosecTJLZVeUOBbfrpeSOUQrA=="
    },
    "node_modules/angular-websocket": {
      "version": "1.1.0",
      "resolved": "https://registry.npmjs.org/angular-websocket/-/angular-websocket-1.1.0.tgz",
      "integrity": "sha512-ibGDac5y6GYTUhTFLYHowp/YY6+ym7um0bjWrAvVsNOUkkwG6acIklOECGHzz8p6wBnH9Hg6q+BMN8IHoU5gZg==",
      "dependencies": {
        "angular": "*",
        "ws": "^1.0.0"
      }
    },
    "node_modules/bootstrap": {
      "version": "3.4.1",
      "resolved": "https://registry.npmjs.org/bootstrap/-/bootstrap-3.4.1.tgz",
      "integrity": "sha512-yN5oZVmRCwe5aKwzRj6736nSmKDX7pLYwsXiCj/EYmo16hODaBiT4En5btW/jhBF/seV+XMx3aYwukYC3A49DA==",
      "engines": {
        "node": ">=6"
      }
    },
    "node_modules/chart.js": {
      "version": "2.9.4",
      "resolved": "https://registry.npmjs.org/chart.js/-/chart.js-2.9.4.tgz",
      "integrity": "sha512-B07aAzxcrikjAPyV+01j7BmOpxtQETxTSlQ26BEYJ+3iUkbNKaOJ/nDbT6JjyqYxseM0ON12COHYdU2cTIjC7A==",
      "dependencies": {
        "chartjs-color": "^2.1.0",
        "moment": "^2.10.2"
      }
    },
    "node_modules/chartjs-color": {
      "version": "2.4.1",
      "resolved": "https://registry.npmjs.org/chartjs-color/-/chartjs-color-2.4.1.tgz",
      "integrity": "sha512-haqOg1+Yebys/Ts/9bLo/BqUcONQOdr/hoEr2LLTRl6C5LXctUdHxsCYfvQVg5JIxITrfCNUDr4ntqmQk9+/0w==",
      "dependencies": {
        "chartjs-color-string": "^0.6.0",
        "color-convert": "^1.9.3"
      }
    },
    "node_modules/chartjs-color-string": {
      "version": "0.6.0",
      "resolved": "https://registry.npmjs.org/chartjs-color-string/-/chartjs-color-string-0.6.0.tgz",
      "integrity": "sha512-TIB5OKn1hPJvO7JcteW4WY/63v6KwEdt6udfnDE9iCAZgy+V4SrbSxoIbTw/xkUIapjEI4ExGtD0+6D3KyFd7A==",
      "dependencies": {
        "color-name": "^1.0.0"
      }
    },
    "node_modules/color-convert": {
      "version": "1.9.3",
      "resolved": "https://registry.npmjs.org/color-convert/-/color-convert-1.9.3.tgz",
      "integrity": "sha512-QfAUtd+vFdAtFQcC8CCyYt1fYWxSqAiK2cSD6zDB8N3cpsEBAvRxp9zOGg6G/SHHJYAT88/az/IuDGALsNVbGg==",
      "dependencies": {
        "color-name": "1.1.3"
      }
    },
    "node_modules/color-convert/node_modules/color-name": {
      "version": "1.1.3",
      "resolved": "https://registry.npmjs.org/color-name/-/color-name-1.1.3.tgz",
      "integrity": "sha512-72fSenhMw2HZMTVHeCA9KCmpEIbzWiQsjN+BHcBbS9vr1mtt+vJjPdksIBNUmKAW8TFUDPJK5SUU3QhE9NEXDw=="
    },
    "node_modules/color-name": {
      "version": "1.1.4",
      "resolved": "https://registry.npmjs.org/color-name/-/color-name-1.1.4.tgz",
      "integrity": "sha512-dOy+3AuW3a2wNbZHIuMZpTcgjGuLU/uBL/ubcZF9OXbDo8ff4O8yVp5Bf0efS8uEoYo5q4Fx7dY9OgQGXgAsQA=="
    },
    "node_modules/font-awesome": {
      "version": "4.7.0",
      "resolved": "https://registry.npmjs.org/font-awesome/-/font-awesome-4.7.0.tgz",
      "integrity": "sha512-U6kGnykA/6bFmg1M/oT9EkFeIYv7JlX3bozwQJWiiLz6L0w3F5vBVPxHlwyX/vtNq1ckcpRKOB9f2Qal/VtFpg==",
      "engines": {
        "node": ">=0.10.3"
      }
    },
    "node_modules/highcharts": {
      "version": "11.1.0",
      "resolved": "https://registry.npmjs.org/highcharts/-/highcharts-11.1.0.tgz",
      "integrity": "sha512-vhmqq6/frteWMx0GKYWwEFL25g4OYc7+m+9KQJb/notXbNtIb8KVy+ijOF7XAFqF165cq0pdLIePAmyFY5ph3g=="
    },
    "node_modules/highcharts-ng": {
      "version": "0.0.11",
      "resolved": "https://registry.npmjs.org/highcharts-ng/-/highcharts-ng-0.0.11.tgz",
      "integrity": "sha512-qi1kBafTtihrP7fLfWn25R+rpNJNu3gkNcnBmmZttZfK4fzFQegyA/CCvn7ldybTh7RZEGtmShMkniqbP8YmlQ=="
    },
    "node_modules/jquery": {
      "version": "3.7.0",
      "resolved": "https://registry.npmjs.org/jquery/-/jquery-3.7.0.tgz",
      "integrity": "sha512-umpJ0/k8X0MvD1ds0P9SfowREz2LenHsQaxSohMZ5OMNEU2r0tf8pdeEFTHMFxWVxKNyU9rTtK3CWzUCTKJUeQ=="
    },
    "node_modules/jquery-ui": {
      "version": "1.13.2",
      "resolved": "https://registry.npmjs.org/jquery-ui/-/jquery-ui-1.13.2.tgz",
      "integrity": "sha512-wBZPnqWs5GaYJmo1Jj0k/mrSkzdQzKDwhXNtHKcBdAcKVxMM3KNYFq+iJ2i1rwiG53Z8M4mTn3Qxrm17uH1D4Q==",
      "dependencies": {
        "jquery": ">=1.8.0 <4.0.0"
      }
    },
    "node_modules/markerclustererplus": {
      "version": "2.1.4",
      "resolved": "https://registry.npmjs.org/markerclustererplus/-/markerclustererplus-2.1.4.tgz",
      "integrity": "sha512-5puqGiaFybkc/IhFoJQbSA3VvlmX2hDFbSLpbua/PzKmJ6i7esztDxP47y7Ub5iKy6yIpRm8g6sy3tGlkSJfVg=="
    },
    "node_modules/metismenu": {
      "version": "2.7.9",
      "resolved": "https://registry.npmjs.org/metismenu/-/metismenu-2.7.9.tgz",
      "integrity": "sha512-l2F61AaGdqiSh0NFmTofCfI59M6EruCOTRSAmbLxZ1ZpUD1Fjdo6/ZFfyMCxHbIejLamtVVHGRwNrerR/pPmbA==",
      "peerDependencies": {
        "jquery": "^3.3.1"
      }
    },
    "node_modules/moment": {
      "version": "2.29.4",
      "resolved": "https://registry.npmjs.org/moment/-/moment-2.29.4.tgz",
      "integrity": "sha512-5LC9SOxjSc2HF6vO2CyuTDNivEdoz2IvyJJGj6X8DJ0eFyfszE0QiEd+iXmBvUP3WHxSjFH/vIsA0EN00cgr8w==",
      "engines": {
        "node": "*"
      }
    },
    "node_modules/ngmap": {
      "version": "1.18.5",
      "resolved": "https://registry.npmjs.org/ngmap/-/ngmap-1.18.5.tgz",
      "integrity": "sha512-wm+ue9cn2COpEDSfoio/9d4Y3TuZaMmH+VtLjQmKDWNEZg3Tqrd9aGc6uK3CzH4p+GLZfOngcnxOmrUbnpMFQQ==",
      "engines": {
        "node": ">=0.8.0"
      }
    },
    "node_modules/options": {
      "version": "0.0.6",
      "resolved": "https://registry.npmjs.org/options/-/options-0.0.6.tgz",
      "integrity": "sha512-bOj3L1ypm++N+n7CEbbe473A414AB7z+amKYshRb//iuL3MpdDCLhPnw6aVTdKB9g5ZRVHIEp8eUln6L2NUStg==",
      "engines": {
        "node": ">=0.4.0"
      }
    },
    "node_modules/rxjs": {
      "version": "7.8.1",
      "resolved": "https://registry.npmjs.org/rxjs/-/rxjs-7.8.1.tgz",
      "integrity": "sha512-AA3TVj+0A2iuIoQkWEK/tqFjBq2j+6PO6Y0zJcvzLAFhEFIO3HL0vls9hWLncZbAAbK0mar7oZ4V079I/qPMxg==",
      "peer": true,
      "dependencies": {
        "tslib": "^2.1.0"
      }
    },
    "node_modules/spin.js": {
      "version": "2.3.2",
      "resolved": "https://registry.npmjs.org/spin.js/-/spin.js-2.3.2.tgz",
      "integrity": "sha512-ryhCvKCRa6J5Fxa7Y+fnhE2a+e05JwfW5dxO82zPd0uDM9o+qp8p74BJUurjiqCqmDsWNvGOAxfqdD317XIedg=="
    },
    "node_modules/tslib": {
      "version": "2.5.3",
      "resolved": "https://registry.npmjs.org/tslib/-/tslib-2.5.3.tgz",
      "integrity": "sha512-mSxlJJwl3BMEQCUNnxXBU9jP4JBktcEGhURcPR6VQVlnP0FdDEsIaz0C35dXNGLyRfrATNofF0F5p2KPxQgB+w==",
      "peer": true
    },
    "node_modules/ultron": {
      "version": "1.0.2",
      "resolved": "https://registry.npmjs.org/ultron/-/ultron-1.0.2.tgz",
      "integrity": "sha512-QMpnpVtYaWEeY+MwKDN/UdKlE/LsFZXM5lO1u7GaZzNgmIbGixHEmVMIKT+vqYOALu3m5GYQy9kz4Xu4IVn7Ow=="
    },
    "node_modules/ws": {
      "version": "1.1.5",
      "resolved": "https://registry.npmjs.org/ws/-/ws-1.1.5.tgz",
      "integrity": "sha512-o3KqipXNUdS7wpQzBHSe180lBGO60SoK0yVo3CYJgb2MkobuWuBX6dhkYP5ORCLd55y+SaflMOV5fqAB53ux4w==",
      "dependencies": {
        "options": ">=0.0.5",
        "ultron": "1.0.x"
      }
    },
    "node_modules/zone.js": {
      "version": "0.13.1",
      "resolved": "https://registry.npmjs.org/zone.js/-/zone.js-0.13.1.tgz",
      "integrity": "sha512-+bIeDAFEBYuXRuU3qGQvzdPap+N1zjM4KkBAiiQuVVCrHrhjDuY6VkUhNa5+U27+9w0q3fbKiMCbpJ0XzMmSWA==",
      "peer": true,
      "dependencies": {
        "tslib": "^2.3.0"
      }
    }
  }
}
